
Microsoft Visual Studio Solution File, Format Version 12.00
# Visual Studio 15
VisualStudioVersion = 15.0.27004.2005
MinimumVisualStudioVersion = 10.0.40219.1
Project("{9A19103F-16F7-4668-BE54-9A1E7A4F7556}") = "spa", "spa.csproj", "{B1830172-6D03-4CB4-BD59-06D3E75125B3}"
EndProject
Global
	GlobalSection(SolutionConfigurationPlatforms) = preSolution
		Debug|Any CPU = Debug|Any CPU
		Release|Any CPU = Release|Any CPU
	EndGlobalSection
	GlobalSection(ProjectConfigurationPlatforms) = postSolution
		{B1830172-6D03-4CB4-BD59-06D3E75125B3}.Debug|Any CPU.ActiveCfg = Debug|Any CPU
		{B1830172-6D03-4CB4-BD59-06D3E75125B3}.Debug|Any CPU.Build.0 = Debug|Any CPU
		{B1830172-6D03-4CB4-BD59-06D3E75125B3}.Release|Any CPU.ActiveCfg = Release|Any CPU
		{B1830172-6D03-4CB4-BD59-06D3E75125B3}.Release|Any CPU.Build.0 = Release|Any CPU
	EndGlobalSection
	GlobalSection(SolutionProperties) = preSolution
		HideSolutionNode = FALSE
	EndGlobalSection
	GlobalSection(ExtensibilityGlobals) = postSolution
		SolutionGuid = {BE994974-F56E-4877-B7D9-F34094CC4D79}
	EndGlobalSection
EndGlobal
